// !$*UTF8*$!
{
	archiveVersion = 1;
	classes = {
	};
	objectVersion = 56;
	objects = {

/* Begin PBXBuildFile section */
		791252702A0D312C006830EF /* Tests.swift in Sources */ = {isa = PBXBuildFile; fileRef = 7912526F2A0D312C006830EF /* Tests.swift */; };
		791252742A0D3137006830EF /* LinesInformation.swift in Sources */ = {isa = PBXBuildFile; fileRef = 794909BB2A0BD88100182C6E /* LinesInformation.swift */; };
		794909B52A0BD3E900182C6E /* main.swift in Sources */ = {isa = PBXBuildFile; fileRef = 794909B42A0BD3E900182C6E /* main.swift */; };
		794909BC2A0BD88100182C6E /* LinesInformation.swift in Sources */ = {isa = PBXBuildFile; fileRef = 794909BB2A0BD88100182C6E /* LinesInformation.swift */; };
		794909C02A0BECF800182C6E /* Utils.swift in Sources */ = {isa = PBXBuildFile; fileRef = 794909BF2A0BECF800182C6E /* Utils.swift */; };
/* End PBXBuildFile section */

/* Begin PBXContainerItemProxy section */
		791252752A0D313C006830EF /* PBXContainerItemProxy */ = {
			isa = PBXContainerItemProxy;
			containerPortal = 794909A92A0BD3E900182C6E /* Project object */;
			proxyType = 1;
			remoteGlobalIDString = 794909B02A0BD3E900182C6E;
			remoteInfo = ModuleMetrics;
		};
/* End PBXContainerItemProxy section */

/* Begin PBXCopyFilesBuildPhase section */
		794909AF2A0BD3E900182C6E /* CopyFiles */ = {
			isa = PBXCopyFilesBuildPhase;
			buildActionMask = 2147483647;
			dstPath = /usr/share/man/man1/;
			dstSubfolderSpec = 0;
			files = (
			);
			runOnlyForDeploymentPostprocessing = 1;
		};
/* End PBXCopyFilesBuildPhase section */

/* Begin PBXFileReference section */
		7912526D2A0D312C006830EF /* Tests.xctest */ = {isa = PBXFileReference; explicitFileType = wrapper.cfbundle; includeInIndex = 0; path = Tests.xctest; sourceTree = BUILT_PRODUCTS_DIR; };
		7912526F2A0D312C006830EF /* Tests.swift */ = {isa = PBXFileReference; lastKnownFileType = sourcecode.swift; path = Tests.swift; sourceTree = "<group>"; };
		794909B12A0BD3E900182C6E /* ModuleMetrics */ = {isa = PBXFileReference; explicitFileType = "compiled.mach-o.executable"; includeInIndex = 0; path = ModuleMetrics; sourceTree = BUILT_PRODUCTS_DIR; };
		794909B42A0BD3E900182C6E /* main.swift */ = {isa = PBXFileReference; lastKnownFileType = sourcecode.swift; path = main.swift; sourceTree = "<group>"; };
		794909BB2A0BD88100182C6E /* LinesInformation.swift */ = {isa = PBXFileReference; lastKnownFileType = sourcecode.swift; path = LinesInformation.swift; sourceTree = "<group>"; };
		794909BF2A0BECF800182C6E /* Utils.swift */ = {isa = PBXFileReference; lastKnownFileType = sourcecode.swift; path = Utils.swift; sourceTree = "<group>"; };
/* End PBXFileReference section */

/* Begin PBXFrameworksBuildPhase section */
		7912526A2A0D312C006830EF /* Frameworks */ = {
			isa = PBXFrameworksBuildPhase;
			buildActionMask = 2147483647;
			files = (
			);
			runOnlyForDeploymentPostprocessing = 0;
		};
		794909AE2A0BD3E900182C6E /* Frameworks */ = {
			isa = PBXFrameworksBuildPhase;
			buildActionMask = 2147483647;
			files = (
			);
			runOnlyForDeploymentPostprocessing = 0;
		};
/* End PBXFrameworksBuildPhase section */

/* Begin PBXGroup section */
		7912526E2A0D312C006830EF /* Tests */ = {
			isa = PBXGroup;
			children = (
				7912526F2A0D312C006830EF /* Tests.swift */,
			);
			path = Tests;
			sourceTree = "<group>";
		};
		794909A82A0BD3E900182C6E = {
			isa = PBXGroup;
			children = (
				794909B32A0BD3E900182C6E /* ModuleMetrics */,
				7912526E2A0D312C006830EF /* Tests */,
				794909B22A0BD3E900182C6E /* Products */,
			);
			sourceTree = "<group>";
		};
		794909B22A0BD3E900182C6E /* Products */ = {
			isa = PBXGroup;
			children = (
				794909B12A0BD3E900182C6E /* ModuleMetrics */,
				7912526D2A0D312C006830EF /* Tests.xctest */,
			);
			name = Products;
			sourceTree = "<group>";
		};
		794909B32A0BD3E900182C6E /* ModuleMetrics */ = {
			isa = PBXGroup;
			children = (
				794909BB2A0BD88100182C6E /* LinesInformation.swift */,
				794909B42A0BD3E900182C6E /* main.swift */,
				794909BF2A0BECF800182C6E /* Utils.swift */,
			);
			path = ModuleMetrics;
			sourceTree = "<group>";
		};
/* End PBXGroup section */

/* Begin PBXNativeTarget section */
		7912526C2A0D312C006830EF /* Tests */ = {
			isa = PBXNativeTarget;
			buildConfigurationList = 791252732A0D312C006830EF /* Build configuration list for PBXNativeTarget "Tests" */;
			buildPhases = (
				791252692A0D312C006830EF /* Sources */,
				7912526A2A0D312C006830EF /* Frameworks */,
				7912526B2A0D312C006830EF /* Resources */,
			);
			buildRules = (
			);
			dependencies = (
				791252762A0D313C006830EF /* PBXTargetDependency */,
			);
			name = Tests;
			productName = Tests;
			productReference = 7912526D2A0D312C006830EF /* Tests.xctest */;
			productType = "com.apple.product-type.bundle.unit-test";
		};
		794909B02A0BD3E900182C6E /* ModuleMetrics */ = {
			isa = PBXNativeTarget;
			buildConfigurationList = 794909B82A0BD3E900182C6E /* Build configuration list for PBXNativeTarget "ModuleMetrics" */;
			buildPhases = (
				794909AD2A0BD3E900182C6E /* Sources */,
				794909AE2A0BD3E900182C6E /* Frameworks */,
				794909AF2A0BD3E900182C6E /* CopyFiles */,
			);
			buildRules = (
			);
			dependencies = (
			);
			name = ModuleMetrics;
			productName = ModuleMetrics;
			productReference = 794909B12A0BD3E900182C6E /* ModuleMetrics */;
			productType = "com.apple.product-type.tool";
		};
/* End PBXNativeTarget section */

/* Begin PBXProject section */
		794909A92A0BD3E900182C6E /* Project object */ = {
			isa = PBXProject;
			attributes = {
				BuildIndependentTargetsInParallel = 1;
				LastSwiftUpdateCheck = 1420;
				LastUpgradeCheck = 1420;
				TargetAttributes = {
					7912526C2A0D312C006830EF = {
						CreatedOnToolsVersion = 14.2;
					};
					794909B02A0BD3E900182C6E = {
						CreatedOnToolsVersion = 14.2;
					};
				};
			};
			buildConfigurationList = 794909AC2A0BD3E900182C6E /* Build configuration list for PBXProject "ModuleMetrics" */;
			compatibilityVersion = "Xcode 14.0";
			developmentRegion = en;
			hasScannedForEncodings = 0;
			knownRegions = (
				en,
				Base,
			);
			mainGroup = 794909A82A0BD3E900182C6E;
			productRefGroup = 794909B22A0BD3E900182C6E /* Products */;
			projectDirPath = "";
			projectRoot = "";
			targets = (
				794909B02A0BD3E900182C6E /* ModuleMetrics */,
				7912526C2A0D312C006830EF /* Tests */,
			);
		};
/* End PBXProject section */

/* Begin PBXResourcesBuildPhase section */
		7912526B2A0D312C006830EF /* Resources */ = {
			isa = PBXResourcesBuildPhase;
			buildActionMask = 2147483647;
			files = (
			);
			runOnlyForDeploymentPostprocessing = 0;
		};
/* End PBXResourcesBuildPhase section */

/* Begin PBXSourcesBuildPhase section */
		791252692A0D312C006830EF /* Sources */ = {
			isa = PBXSourcesBuildPhase;
			buildActionMask = 2147483647;
			files = (
				791252742A0D3137006830EF /* LinesInformation.swift in Sources */,
				791252702A0D312C006830EF /* Tests.swift in Sources */,
			);
			runOnlyForDeploymentPostprocessing = 0;
		};
		794909AD2A0BD3E900182C6E /* Sources */ = {
			isa = PBXSourcesBuildPhase;
			buildActionMask = 2147483647;
			files = (
				794909B52A0BD3E900182C6E /* main.swift in Sources */,
				794909BC2A0BD88100182C6E /* LinesInformation.swift in Sources */,
				794909C02A0BECF800182C6E /* Utils.swift in Sources */,
			);
			runOnlyForDeploymentPostprocessing = 0;
		};
/* End PBXSourcesBuildPhase section */

/* Begin PBXTargetDependency section */
		791252762A0D313C006830EF /* PBXTargetDependency */ = {
			isa = PBXTargetDependency;
			target = 794909B02A0BD3E900182C6E /* ModuleMetrics */;
			targetProxy = 791252752A0D313C006830EF /* PBXContainerItemProxy */;
		};
/* End PBXTargetDependency section */

/* Begin XCBuildConfiguration section */
		791252712A0D312C006830EF /* Debug */ = {
			isa = XCBuildConfiguration;
			buildSettings = {
				"CODE_SIGN_IDENTITY[sdk=macosx*]" = "-";
				CODE_SIGN_STYLE = Automatic;
				CURRENT_PROJECT_VERSION = 1;
				DEVELOPMENT_TEAM = G66XPV3HVM;
				GENERATE_INFOPLIST_FILE = YES;
				MACOSX_DEPLOYMENT_TARGET = 11.0;
				MARKETING_VERSION = 1.0;
				PRODUCT_NAME = "$(TARGET_NAME)";
				SUPPORTED_PLATFORMS = macosx;
				SUPPORTS_MACCATALYST = NO;
				SUPPORTS_MAC_DESIGNED_FOR_IPHONE_IPAD = NO;
				SWIFT_EMIT_LOC_STRINGS = NO;
				SWIFT_VERSION = 5.0;
			};
			name = Debug;
		};
		791252722A0D312C006830EF /* Release */ = {
			isa = XCBuildConfiguration;
			buildSettings = {
				"CODE_SIGN_IDENTITY[sdk=macosx*]" = "-";
				CODE_SIGN_STYLE = Automatic;
				CURRENT_PROJECT_VERSION = 1;
				DEVELOPMENT_TEAM = G66XPV3HVM;
				GENERATE_INFOPLIST_FILE = YES;
				MACOSX_DEPLOYMENT_TARGET = 11.0;
				MARKETING_VERSION = 1.0;
				PRODUCT_NAME = "$(TARGET_NAME)";
				SUPPORTED_PLATFORMS = macosx;
				SUPPORTS_MACCATALYST = NO;
				SUPPORTS_MAC_DESIGNED_FOR_IPHONE_IPAD = NO;
				SWIFT_EMIT_LOC_STRINGS = NO;
				SWIFT_VERSION = 5.0;
			};
			name = Release;
		};
		794909B62A0BD3E900182C6E /* Debug */ = {
			isa = XCBuildConfiguration;
			buildSettings = {
				ALWAYS_SEARCH_USER_PATHS = NO;
				CLANG_ANALYZER_NONNULL = YES;
				CLANG_ANALYZER_NUMBER_OBJECT_CONVERSION = YES_AGGRESSIVE;
				CLANG_CXX_LANGUAGE_STANDARD = "gnu++20";
				CLANG_ENABLE_MODULES = YES;
				CLANG_ENABLE_OBJC_ARC = YES;
				CLANG_ENABLE_OBJC_WEAK = YES;
				CLANG_WARN_BLOCK_CAPTURE_AUTORELEASING = YES;
				CLANG_WARN_BOOL_CONVERSION = YES;
				CLANG_WARN_COMMA = YES;
				CLANG_WARN_CONSTANT_CONVERSION = YES;
				CLANG_WARN_DEPRECATED_OBJC_IMPLEMENTATIONS = YES;
				CLANG_WARN_DIRECT_OBJC_ISA_USAGE = YES_ERROR;
				CLANG_WARN_DOCUMENTATION_COMMENTS = YES;
				CLANG_WARN_EMPTY_BODY = YES;
				CLANG_WARN_ENUM_CONVERSION = YES;
				CLANG_WARN_INFINITE_RECURSION = YES;
				CLANG_WARN_INT_CONVERSION = YES;
				CLANG_WARN_NON_LITERAL_NULL_CONVERSION = YES;
				CLANG_WARN_OBJC_IMPLICIT_RETAIN_SELF = YES;
				CLANG_WARN_OBJC_LITERAL_CONVERSION = YES;
				CLANG_WARN_OBJC_ROOT_CLASS = YES_ERROR;
				CLANG_WARN_QUOTED_INCLUDE_IN_FRAMEWORK_HEADER = YES;
				CLANG_WARN_RANGE_LOOP_ANALYSIS = YES;
				CLANG_WARN_STRICT_PROTOTYPES = YES;
				CLANG_WARN_SUSPICIOUS_MOVE = YES;
				CLANG_WARN_UNGUARDED_AVAILABILITY = YES_AGGRESSIVE;
				CLANG_WARN_UNREACHABLE_CODE = YES;
				CLANG_WARN__DUPLICATE_METHOD_MATCH = YES;
				COPY_PHASE_STRIP = NO;
				DEBUG_INFORMATION_FORMAT = dwarf;
				ENABLE_STRICT_OBJC_MSGSEND = YES;
				ENABLE_TESTABILITY = YES;
				EXCLUDED_ARCHS = "";
				GCC_C_LANGUAGE_STANDARD = gnu11;
				GCC_DYNAMIC_NO_PIC = NO;
				GCC_NO_COMMON_BLOCKS = YES;
				GCC_OPTIMIZATION_LEVEL = 0;
				GCC_PREPROCESSOR_DEFINITIONS = (
					"DEBUG=1",
					"$(inherited)",
				);
				GCC_WARN_64_TO_32_BIT_CONVERSION = YES;
				GCC_WARN_ABOUT_RETURN_TYPE = YES_ERROR;
				GCC_WARN_UNDECLARED_SELECTOR = YES;
				GCC_WARN_UNINITIALIZED_AUTOS = YES_AGGRESSIVE;
				GCC_WARN_UNUSED_FUNCTION = YES;
				GCC_WARN_UNUSED_VARIABLE = YES;
				MACOSX_DEPLOYMENT_TARGET = 11.0;
				MTL_ENABLE_DEBUG_INFO = INCLUDE_SOURCE;
				MTL_FAST_MATH = YES;
				ONLY_ACTIVE_ARCH = NO;
				SDKROOT = macosx;
				SWIFT_ACTIVE_COMPILATION_CONDITIONS = DEBUG;
				SWIFT_OPTIMIZATION_LEVEL = "-Onone";
			};
			name = Debug;
		};
		794909B72A0BD3E900182C6E /* Release */ = {
			isa = XCBuildConfiguration;
			buildSettings = {
				ALWAYS_SEARCH_USER_PATHS = NO;
				CLANG_ANALYZER_NONNULL = YES;
				CLANG_ANALYZER_NUMBER_OBJECT_CONVERSION = YES_AGGRESSIVE;
				CLANG_CXX_LANGUAGE_STANDARD = "gnu++20";
				CLANG_ENABLE_MODULES = YES;
				CLANG_ENABLE_OBJC_ARC = YES;
				CLANG_ENABLE_OBJC_WEAK = YES;
				CLANG_WARN_BLOCK_CAPTURE_AUTORELEASING = YES;
				CLANG_WARN_BOOL_CONVERSION = YES;
				CLANG_WARN_COMMA = YES;
				CLANG_WARN_CONSTANT_CONVERSION = YES;
				CLANG_WARN_DEPRECATED_OBJC_IMPLEMENTATIONS = YES;
				CLANG_WARN_DIRECT_OBJC_ISA_USAGE = YES_ERROR;
				CLANG_WARN_DOCUMENTATION_COMMENTS = YES;
				CLANG_WARN_EMPTY_BODY = YES;
				CLANG_WARN_ENUM_CONVERSION = YES;
				CLANG_WARN_INFINITE_RECURSION = YES;
				CLANG_WARN_INT_CONVERSION = YES;
				CLANG_WARN_NON_LITERAL_NULL_CONVERSION = YES;
				CLANG_WARN_OBJC_IMPLICIT_RETAIN_SELF = YES;
				CLANG_WARN_OBJC_LITERAL_CONVERSION = YES;
				CLANG_WARN_OBJC_ROOT_CLASS = YES_ERROR;
				CLANG_WARN_QUOTED_INCLUDE_IN_FRAMEWORK_HEADER = YES;
				CLANG_WARN_RANGE_LOOP_ANALYSIS = YES;
				CLANG_WARN_STRICT_PROTOTYPES = YES;
				CLANG_WARN_SUSPICIOUS_MOVE = YES;
				CLANG_WARN_UNGUARDED_AVAILABILITY = YES_AGGRESSIVE;
				CLANG_WARN_UNREACHABLE_CODE = YES;
				CLANG_WARN__DUPLICATE_METHOD_MATCH = YES;
				COPY_PHASE_STRIP = NO;
				DEBUG_INFORMATION_FORMAT = "dwarf-with-dsym";
				ENABLE_NS_ASSERTIONS = NO;
				ENABLE_STRICT_OBJC_MSGSEND = YES;
				EXCLUDED_ARCHS = "";
				GCC_C_LANGUAGE_STANDARD = gnu11;
				GCC_NO_COMMON_BLOCKS = YES;
				GCC_WARN_64_TO_32_BIT_CONVERSION = YES;
				GCC_WARN_ABOUT_RETURN_TYPE = YES_ERROR;
				GCC_WARN_UNDECLARED_SELECTOR = YES;
				GCC_WARN_UNINITIALIZED_AUTOS = YES_AGGRESSIVE;
				GCC_WARN_UNUSED_FUNCTION = YES;
				GCC_WARN_UNUSED_VARIABLE = YES;
				MACOSX_DEPLOYMENT_TARGET = 11.0;
				MTL_ENABLE_DEBUG_INFO = NO;
				MTL_FAST_MATH = YES;
				SDKROOT = macosx;
				SWIFT_COMPILATION_MODE = wholemodule;
				SWIFT_OPTIMIZATION_LEVEL = "-O";
			};
			name = Release;
		};
		794909B92A0BD3E900182C6E /* Debug */ = {
			isa = XCBuildConfiguration;
			buildSettings = {
				"CODE_SIGN_IDENTITY[sdk=macosx*]" = "-";
				CODE_SIGN_STYLE = Automatic;
				DEVELOPMENT_TEAM = G66XPV3HVM;
				ENABLE_HARDENED_RUNTIME = YES;
				MACOSX_DEPLOYMENT_TARGET = 11.0;
				PRODUCT_NAME = "$(TARGET_NAME)";
				SWIFT_VERSION = 5.0;
			};
			name = Debug;
		};
		794909BA2A0BD3E900182C6E /* Release */ = {
			isa = XCBuildConfiguration;
			buildSettings = {
				"CODE_SIGN_IDENTITY[sdk=macosx*]" = "-";
				CODE_SIGN_STYLE = Automatic;
				DEVELOPMENT_TEAM = G66XPV3HVM;
				ENABLE_HARDENED_RUNTIME = YES;
				MACOSX_DEPLOYMENT_TARGET = 11.0;
				PRODUCT_NAME = "$(TARGET_NAME)";
				SWIFT_VERSION = 5.0;
			};
			name = Release;
		};
/* End XCBuildConfiguration section */

/* Begin XCConfigurationList section */
		791252732A0D312C006830EF /* Build configuration list for PBXNativeTarget "Tests" */ = {
			isa = XCConfigurationList;
			buildConfigurations = (
				791252712A0D312C006830EF /* Debug */,
				791252722A0D312C006830EF /* Release */,
			);
			defaultConfigurationIsVisible = 0;
			defaultConfigurationName = Release;
		};
		794909AC2A0BD3E900182C6E /* Build configuration list for PBXProject "ModuleMetrics" */ = {
			isa = XCConfigurationList;
			buildConfigurations = (
				794909B62A0BD3E900182C6E /* Debug */,
				794909B72A0BD3E900182C6E /* Release */,
			);
			defaultConfigurationIsVisible = 0;
			defaultConfigurationName = Release;
		};
		794909B82A0BD3E900182C6E /* Build configuration list for PBXNativeTarget "ModuleMetrics" */ = {
			isa = XCConfigurationList;
			buildConfigurations = (
				794909B92A0BD3E900182C6E /* Debug */,
				794909BA2A0BD3E900182C6E /* Release */,
			);
			defaultConfigurationIsVisible = 0;
			defaultConfigurationName = Release;
		};
/* End XCConfigurationList section */
	};
	rootObject = 794909A92A0BD3E900182C6E /* Project object */;
}
